
Microsoft Visual Studio Solution File, Format Version 12.00
# Visual Studio Version 17
VisualStudioVersion = 17.14.36301.6
MinimumVisualStudioVersion = 10.0.40219.1
Project("{FAE04EC0-301F-11D3-BF4B-00C04F79EFBC}") = "Ecommerce System .Project", "Ecommerce System .Project\Ecommerce System .Project.csproj", "{42682C25-E072-4372-9B2F-CF13B845F6D9}"
EndProject
Global
	GlobalSection(SolutionConfigurationPlatforms) = preSolution
		Debug|Any CPU = Debug|Any CPU
		Release|Any CPU = Release|Any CPU
	EndGlobalSection
	GlobalSection(ProjectConfigurationPlatforms) = postSolution
		{42682C25-E072-4372-9B2F-CF13B845F6D9}.Debug|Any CPU.ActiveCfg = Debug|Any CPU
		{42682C25-E072-4372-9B2F-CF13B845F6D9}.Debug|Any CPU.Build.0 = Debug|Any CPU
		{42682C25-E072-4372-9B2F-CF13B845F6D9}.Release|Any CPU.ActiveCfg = Release|Any CPU
		{42682C25-E072-4372-9B2F-CF13B845F6D9}.Release|Any CPU.Build.0 = Release|Any CPU
	EndGlobalSection
	GlobalSection(SolutionProperties) = preSolution
		HideSolutionNode = FALSE
	EndGlobalSection
	GlobalSection(ExtensibilityGlobals) = postSolution
		SolutionGuid = {7FF2728B-AE47-42F8-A3DF-338C32EFD18D}
	EndGlobalSection
EndGlobal
